// !$*UTF8*$!
{
	archiveVersion = 1;
	classes = {
	};
	objectVersion = 56;
	objects = {

/* Begin PBXBuildFile section */
		D54210152B2BFBB80065378F /* Play_with_this_App.swift in Sources */ = {isa = PBXBuildFile; fileRef = D54210142B2BFBB80065378F /* Play_with_this_App.swift */; };
		D54210172B2BFBB80065378F /* ContentView.swift in Sources */ = {isa = PBXBuildFile; fileRef = D54210162B2BFBB80065378F /* ContentView.swift */; };
		D54210192B2BFBBD0065378F /* Assets.xcassets in Resources */ = {isa = PBXBuildFile; fileRef = D54210182B2BFBBD0065378F /* Assets.xcassets */; };
		D542101C2B2BFBBD0065378F /* Preview Assets.xcassets in Resources */ = {isa = PBXBuildFile; fileRef = D542101B2B2BFBBD0065378F /* Preview Assets.xcassets */; };
		D54210262B2BFBBE0065378F /* Play_with_this_Tests.swift in Sources */ = {isa = PBXBuildFile; fileRef = D54210252B2BFBBE0065378F /* Play_with_this_Tests.swift */; };
		D54210302B2BFBBE0065378F /* Play_with_this_UITests.swift in Sources */ = {isa = PBXBuildFile; fileRef = D542102F2B2BFBBE0065378F /* Play_with_this_UITests.swift */; };
		D54210322B2BFBBE0065378F /* Play_with_this_UITestsLaunchTests.swift in Sources */ = {isa = PBXBuildFile; fileRef = D54210312B2BFBBE0065378F /* Play_with_this_UITestsLaunchTests.swift */; };
/* End PBXBuildFile section */

/* Begin PBXContainerItemProxy section */
		D54210222B2BFBBE0065378F /* PBXContainerItemProxy */ = {
			isa = PBXContainerItemProxy;
			containerPortal = D54210092B2BFBB80065378F /* Project object */;
			proxyType = 1;
			remoteGlobalIDString = D54210102B2BFBB80065378F;
			remoteInfo = "Play with this!";
		};
		D542102C2B2BFBBE0065378F /* PBXContainerItemProxy */ = {
			isa = PBXContainerItemProxy;
			containerPortal = D54210092B2BFBB80065378F /* Project object */;
			proxyType = 1;
			remoteGlobalIDString = D54210102B2BFBB80065378F;
			remoteInfo = "Play with this!";
		};
/* End PBXContainerItemProxy section */

/* Begin PBXFileReference section */
		D54210112B2BFBB80065378F /* Play with this!.app */ = {isa = PBXFileReference; explicitFileType = wrapper.application; includeInIndex = 0; path = "Play with this!.app"; sourceTree = BUILT_PRODUCTS_DIR; };
		D54210142B2BFBB80065378F /* Play_with_this_App.swift */ = {isa = PBXFileReference; lastKnownFileType = sourcecode.swift; path = Play_with_this_App.swift; sourceTree = "<group>"; };
		D54210162B2BFBB80065378F /* ContentView.swift */ = {isa = PBXFileReference; lastKnownFileType = sourcecode.swift; path = ContentView.swift; sourceTree = "<group>"; };
		D54210182B2BFBBD0065378F /* Assets.xcassets */ = {isa = PBXFileReference; lastKnownFileType = folder.assetcatalog; path = Assets.xcassets; sourceTree = "<group>"; };
		D542101B2B2BFBBD0065378F /* Preview Assets.xcassets */ = {isa = PBXFileReference; lastKnownFileType = folder.assetcatalog; path = "Preview Assets.xcassets"; sourceTree = "<group>"; };
		D54210212B2BFBBE0065378F /* Play with this!Tests.xctest */ = {isa = PBXFileReference; explicitFileType = wrapper.cfbundle; includeInIndex = 0; path = "Play with this!Tests.xctest"; sourceTree = BUILT_PRODUCTS_DIR; };
		D54210252B2BFBBE0065378F /* Play_with_this_Tests.swift */ = {isa = PBXFileReference; lastKnownFileType = sourcecode.swift; path = Play_with_this_Tests.swift; sourceTree = "<group>"; };
		D542102B2B2BFBBE0065378F /* Play with this!UITests.xctest */ = {isa = PBXFileReference; explicitFileType = wrapper.cfbundle; includeInIndex = 0; path = "Play with this!UITests.xctest"; sourceTree = BUILT_PRODUCTS_DIR; };
		D542102F2B2BFBBE0065378F /* Play_with_this_UITests.swift */ = {isa = PBXFileReference; lastKnownFileType = sourcecode.swift; path = Play_with_this_UITests.swift; sourceTree = "<group>"; };
		D54210312B2BFBBE0065378F /* Play_with_this_UITestsLaunchTests.swift */ = {isa = PBXFileReference; lastKnownFileType = sourcecode.swift; path = Play_with_this_UITestsLaunchTests.swift; sourceTree = "<group>"; };
/* End PBXFileReference section */

/* Begin PBXFrameworksBuildPhase section */
		D542100E2B2BFBB80065378F /* Frameworks */ = {
			isa = PBXFrameworksBuildPhase;
			buildActionMask = 2147483647;
			files = (
			);
			runOnlyForDeploymentPostprocessing = 0;
		};
		D542101E2B2BFBBE0065378F /* Frameworks */ = {
			isa = PBXFrameworksBuildPhase;
			buildActionMask = 2147483647;
			files = (
			);
			runOnlyForDeploymentPostprocessing = 0;
		};
		D54210282B2BFBBE0065378F /* Frameworks */ = {
			isa = PBXFrameworksBuildPhase;
			buildActionMask = 2147483647;
			files = (
			);
			runOnlyForDeploymentPostprocessing = 0;
		};
/* End PBXFrameworksBuildPhase section */

/* Begin PBXGroup section */
		D54210082B2BFBB80065378F = {
			isa = PBXGroup;
			children = (
				D54210132B2BFBB80065378F /* Play with this! */,
				D54210242B2BFBBE0065378F /* Play with this!Tests */,
				D542102E2B2BFBBE0065378F /* Play with this!UITests */,
				D54210122B2BFBB80065378F /* Products */,
			);
			sourceTree = "<group>";
		};
		D54210122B2BFBB80065378F /* Products */ = {
			isa = PBXGroup;
			children = (
				D54210112B2BFBB80065378F /* Play with this!.app */,
				D54210212B2BFBBE0065378F /* Play with this!Tests.xctest */,
				D542102B2B2BFBBE0065378F /* Play with this!UITests.xctest */,
			);
			name = Products;
			sourceTree = "<group>";
		};
		D54210132B2BFBB80065378F /* Play with this! */ = {
			isa = PBXGroup;
			children = (
				D54210142B2BFBB80065378F /* Play_with_this_App.swift */,
				D54210162B2BFBB80065378F /* ContentView.swift */,
				D54210182B2BFBBD0065378F /* Assets.xcassets */,
				D542101A2B2BFBBD0065378F /* Preview Content */,
			);
			path = "Play with this!";
			sourceTree = "<group>";
		};
		D542101A2B2BFBBD0065378F /* Preview Content */ = {
			isa = PBXGroup;
			children = (
				D542101B2B2BFBBD0065378F /* Preview Assets.xcassets */,
			);
			path = "Preview Content";
			sourceTree = "<group>";
		};
		D54210242B2BFBBE0065378F /* Play with this!Tests */ = {
			isa = PBXGroup;
			children = (
				D54210252B2BFBBE0065378F /* Play_with_this_Tests.swift */,
			);
			path = "Play with this!Tests";
			sourceTree = "<group>";
		};
		D542102E2B2BFBBE0065378F /* Play with this!UITests */ = {
			isa = PBXGroup;
			children = (
				D542102F2B2BFBBE0065378F /* Play_with_this_UITests.swift */,
				D54210312B2BFBBE0065378F /* Play_with_this_UITestsLaunchTests.swift */,
			);
			path = "Play with this!UITests";
			sourceTree = "<group>";
		};
/* End PBXGroup section */

/* Begin PBXNativeTarget section */
		D54210102B2BFBB80065378F /* Play with this! */ = {
			isa = PBXNativeTarget;
			buildConfigurationList = D54210352B2BFBBE0065378F /* Build configuration list for PBXNativeTarget "Play with this!" */;
			buildPhases = (
				D542100D2B2BFBB80065378F /* Sources */,
				D542100E2B2BFBB80065378F /* Frameworks */,
				D542100F2B2BFBB80065378F /* Resources */,
			);
			buildRules = (
			);
			dependencies = (
			);
			name = "Play with this!";
			productName = "Play with this!";
			productReference = D54210112B2BFBB80065378F /* Play with this!.app */;
			productType = "com.apple.product-type.application";
		};
		D54210202B2BFBBE0065378F /* Play with this!Tests */ = {
			isa = PBXNativeTarget;
			buildConfigurationList = D54210382B2BFBBE0065378F /* Build configuration list for PBXNativeTarget "Play with this!Tests" */;
			buildPhases = (
				D542101D2B2BFBBE0065378F /* Sources */,
				D542101E2B2BFBBE0065378F /* Frameworks */,
				D542101F2B2BFBBE0065378F /* Resources */,
			);
			buildRules = (
			);
			dependencies = (
				D54210232B2BFBBE0065378F /* PBXTargetDependency */,
			);
			name = "Play with this!Tests";
			productName = "Play with this!Tests";
			productReference = D54210212B2BFBBE0065378F /* Play with this!Tests.xctest */;
			productType = "com.apple.product-type.bundle.unit-test";
		};
		D542102A2B2BFBBE0065378F /* Play with this!UITests */ = {
			isa = PBXNativeTarget;
			buildConfigurationList = D542103B2B2BFBBE0065378F /* Build configuration list for PBXNativeTarget "Play with this!UITests" */;
			buildPhases = (
				D54210272B2BFBBE0065378F /* Sources */,
				D54210282B2BFBBE0065378F /* Frameworks */,
				D54210292B2BFBBE0065378F /* Resources */,
			);
			buildRules = (
			);
			dependencies = (
				D542102D2B2BFBBE0065378F /* PBXTargetDependency */,
			);
			name = "Play with this!UITests";
			productName = "Play with this!UITests";
			productReference = D542102B2B2BFBBE0065378F /* Play with this!UITests.xctest */;
			productType = "com.apple.product-type.bundle.ui-testing";
		};
/* End PBXNativeTarget section */

/* Begin PBXProject section */
		D54210092B2BFBB80065378F /* Project object */ = {
			isa = PBXProject;
			attributes = {
				BuildIndependentTargetsInParallel = 1;
				LastSwiftUpdateCheck = 1510;
				LastUpgradeCheck = 1510;
				TargetAttributes = {
					D54210102B2BFBB80065378F = {
						CreatedOnToolsVersion = 15.1;
					};
					D54210202B2BFBBE0065378F = {
						CreatedOnToolsVersion = 15.1;
						TestTargetID = D54210102B2BFBB80065378F;
					};
					D542102A2B2BFBBE0065378F = {
						CreatedOnToolsVersion = 15.1;
						TestTargetID = D54210102B2BFBB80065378F;
					};
				};
			};
			buildConfigurationList = D542100C2B2BFBB80065378F /* Build configuration list for PBXProject "Play with this!" */;
			compatibilityVersion = "Xcode 14.0";
			developmentRegion = en;
			hasScannedForEncodings = 0;
			knownRegions = (
				en,
				Base,
			);
			mainGroup = D54210082B2BFBB80065378F;
			productRefGroup = D54210122B2BFBB80065378F /* Products */;
			projectDirPath = "";
			projectRoot = "";
			targets = (
				D54210102B2BFBB80065378F /* Play with this! */,
				D54210202B2BFBBE0065378F /* Play with this!Tests */,
				D542102A2B2BFBBE0065378F /* Play with this!UITests */,
			);
		};
/* End PBXProject section */

/* Begin PBXResourcesBuildPhase section */
		D542100F2B2BFBB80065378F /* Resources */ = {
			isa = PBXResourcesBuildPhase;
			buildActionMask = 2147483647;
			files = (
				D542101C2B2BFBBD0065378F /* Preview Assets.xcassets in Resources */,
				D54210192B2BFBBD0065378F /* Assets.xcassets in Resources */,
			);
			runOnlyForDeploymentPostprocessing = 0;
		};
		D542101F2B2BFBBE0065378F /* Resources */ = {
			isa = PBXResourcesBuildPhase;
			buildActionMask = 2147483647;
			files = (
			);
			runOnlyForDeploymentPostprocessing = 0;
		};
		D54210292B2BFBBE0065378F /* Resources */ = {
			isa = PBXResourcesBuildPhase;
			buildActionMask = 2147483647;
			files = (
			);
			runOnlyForDeploymentPostprocessing = 0;
		};
/* End PBXResourcesBuildPhase section */

/* Begin PBXSourcesBuildPhase section */
		D542100D2B2BFBB80065378F /* Sources */ = {
			isa = PBXSourcesBuildPhase;
			buildActionMask = 2147483647;
			files = (
				D54210172B2BFBB80065378F /* ContentView.swift in Sources */,
				D54210152B2BFBB80065378F /* Play_with_this_App.swift in Sources */,
			);
			runOnlyForDeploymentPostprocessing = 0;
		};
		D542101D2B2BFBBE0065378F /* Sources */ = {
			isa = PBXSourcesBuildPhase;
			buildActionMask = 2147483647;
			files = (
				D54210262B2BFBBE0065378F /* Play_with_this_Tests.swift in Sources */,
			);
			runOnlyForDeploymentPostprocessing = 0;
		};
		D54210272B2BFBBE0065378F /* Sources */ = {
			isa = PBXSourcesBuildPhase;
			buildActionMask = 2147483647;
			files = (
				D54210322B2BFBBE0065378F /* Play_with_this_UITestsLaunchTests.swift in Sources */,
				D54210302B2BFBBE0065378F /* Play_with_this_UITests.swift in Sources */,
			);
			runOnlyForDeploymentPostprocessing = 0;
		};
/* End PBXSourcesBuildPhase section */

/* Begin PBXTargetDependency section */
		D54210232B2BFBBE0065378F /* PBXTargetDependency */ = {
			isa = PBXTargetDependency;
			target = D54210102B2BFBB80065378F /* Play with this! */;
			targetProxy = D54210222B2BFBBE0065378F /* PBXContainerItemProxy */;
		};
		D542102D2B2BFBBE0065378F /* PBXTargetDependency */ = {
			isa = PBXTargetDependency;
			target = D54210102B2BFBB80065378F /* Play with this! */;
			targetProxy = D542102C2B2BFBBE0065378F /* PBXContainerItemProxy */;
		};
/* End PBXTargetDependency section */

/* Begin XCBuildConfiguration section */
		D54210332B2BFBBE0065378F /* Debug */ = {
			isa = XCBuildConfiguration;
			buildSettings = {
				ALWAYS_SEARCH_USER_PATHS = NO;
				ASSETCATALOG_COMPILER_GENERATE_SWIFT_ASSET_SYMBOL_EXTENSIONS = YES;
				CLANG_ANALYZER_NONNULL = YES;
				CLANG_ANALYZER_NUMBER_OBJECT_CONVERSION = YES_AGGRESSIVE;
				CLANG_CXX_LANGUAGE_STANDARD = "gnu++20";
				CLANG_ENABLE_MODULES = YES;
				CLANG_ENABLE_OBJC_ARC = YES;
				CLANG_ENABLE_OBJC_WEAK = YES;
				CLANG_WARN_BLOCK_CAPTURE_AUTORELEASING = YES;
				CLANG_WARN_BOOL_CONVERSION = YES;
				CLANG_WARN_COMMA = YES;
				CLANG_WARN_CONSTANT_CONVERSION = YES;
				CLANG_WARN_DEPRECATED_OBJC_IMPLEMENTATIONS = YES;
				CLANG_WARN_DIRECT_OBJC_ISA_USAGE = YES_ERROR;
				CLANG_WARN_DOCUMENTATION_COMMENTS = YES;
				CLANG_WARN_EMPTY_BODY = YES;
				CLANG_WARN_ENUM_CONVERSION = YES;
				CLANG_WARN_INFINITE_RECURSION = YES;
				CLANG_WARN_INT_CONVERSION = YES;
				CLANG_WARN_NON_LITERAL_NULL_CONVERSION = YES;
				CLANG_WARN_OBJC_IMPLICIT_RETAIN_SELF = YES;
				CLANG_WARN_OBJC_LITERAL_CONVERSION = YES;
				CLANG_WARN_OBJC_ROOT_CLASS = YES_ERROR;
				CLANG_WARN_QUOTED_INCLUDE_IN_FRAMEWORK_HEADER = YES;
				CLANG_WARN_RANGE_LOOP_ANALYSIS = YES;
				CLANG_WARN_STRICT_PROTOTYPES = YES;
				CLANG_WARN_SUSPICIOUS_MOVE = YES;
				CLANG_WARN_UNGUARDED_AVAILABILITY = YES_AGGRESSIVE;
				CLANG_WARN_UNREACHABLE_CODE = YES;
				CLANG_WARN__DUPLICATE_METHOD_MATCH = YES;
				COPY_PHASE_STRIP = NO;
				DEBUG_INFORMATION_FORMAT = dwarf;
				ENABLE_STRICT_OBJC_MSGSEND = YES;
				ENABLE_TESTABILITY = YES;
				ENABLE_USER_SCRIPT_SANDBOXING = YES;
				GCC_C_LANGUAGE_STANDARD = gnu17;
				GCC_DYNAMIC_NO_PIC = NO;
				GCC_NO_COMMON_BLOCKS = YES;
				GCC_OPTIMIZATION_LEVEL = 0;
				GCC_PREPROCESSOR_DEFINITIONS = (
					"DEBUG=1",
					"$(inherited)",
				);
				GCC_WARN_64_TO_32_BIT_CONVERSION = YES;
				GCC_WARN_ABOUT_RETURN_TYPE = YES_ERROR;
				GCC_WARN_UNDECLARED_SELECTOR = YES;
				GCC_WARN_UNINITIALIZED_AUTOS = YES_AGGRESSIVE;
				GCC_WARN_UNUSED_FUNCTION = YES;
				GCC_WARN_UNUSED_VARIABLE = YES;
				IPHONEOS_DEPLOYMENT_TARGET = 17.2;
				LOCALIZATION_PREFERS_STRING_CATALOGS = YES;
				MTL_ENABLE_DEBUG_INFO = INCLUDE_SOURCE;
				MTL_FAST_MATH = YES;
				ONLY_ACTIVE_ARCH = YES;
				SDKROOT = iphoneos;
				SWIFT_ACTIVE_COMPILATION_CONDITIONS = "DEBUG $(inherited)";
				SWIFT_OPTIMIZATION_LEVEL = "-Onone";
			};
			name = Debug;
		};
		D54210342B2BFBBE0065378F /* Release */ = {
			isa = XCBuildConfiguration;
			buildSettings = {
				ALWAYS_SEARCH_USER_PATHS = NO;
				ASSETCATALOG_COMPILER_GENERATE_SWIFT_ASSET_SYMBOL_EXTENSIONS = YES;
				CLANG_ANALYZER_NONNULL = YES;
				CLANG_ANALYZER_NUMBER_OBJECT_CONVERSION = YES_AGGRESSIVE;
				CLANG_CXX_LANGUAGE_STANDARD = "gnu++20";
				CLANG_ENABLE_MODULES = YES;
				CLANG_ENABLE_OBJC_ARC = YES;
				CLANG_ENABLE_OBJC_WEAK = YES;
				CLANG_WARN_BLOCK_CAPTURE_AUTORELEASING = YES;
				CLANG_WARN_BOOL_CONVERSION = YES;
				CLANG_WARN_COMMA = YES;
				CLANG_WARN_CONSTANT_CONVERSION = YES;
				CLANG_WARN_DEPRECATED_OBJC_IMPLEMENTATIONS = YES;
				CLANG_WARN_DIRECT_OBJC_ISA_USAGE = YES_ERROR;
				CLANG_WARN_DOCUMENTATION_COMMENTS = YES;
				CLANG_WARN_EMPTY_BODY = YES;
				CLANG_WARN_ENUM_CONVERSION = YES;
				CLANG_WARN_INFINITE_RECURSION = YES;
				CLANG_WARN_INT_CONVERSION = YES;
				CLANG_WARN_NON_LITERAL_NULL_CONVERSION = YES;
				CLANG_WARN_OBJC_IMPLICIT_RETAIN_SELF = YES;
				CLANG_WARN_OBJC_LITERAL_CONVERSION = YES;
				CLANG_WARN_OBJC_ROOT_CLASS = YES_ERROR;
				CLANG_WARN_QUOTED_INCLUDE_IN_FRAMEWORK_HEADER = YES;
				CLANG_WARN_RANGE_LOOP_ANALYSIS = YES;
				CLANG_WARN_STRICT_PROTOTYPES = YES;
				CLANG_WARN_SUSPICIOUS_MOVE = YES;
				CLANG_WARN_UNGUARDED_AVAILABILITY = YES_AGGRESSIVE;
				CLANG_WARN_UNREACHABLE_CODE = YES;
				CLANG_WARN__DUPLICATE_METHOD_MATCH = YES;
				COPY_PHASE_STRIP = NO;
				DEBUG_INFORMATION_FORMAT = "dwarf-with-dsym";
				ENABLE_NS_ASSERTIONS = NO;
				ENABLE_STRICT_OBJC_MSGSEND = YES;
				ENABLE_USER_SCRIPT_SANDBOXING = YES;
				GCC_C_LANGUAGE_STANDARD = gnu17;
				GCC_NO_COMMON_BLOCKS = YES;
				GCC_WARN_64_TO_32_BIT_CONVERSION = YES;
				GCC_WARN_ABOUT_RETURN_TYPE = YES_ERROR;
				GCC_WARN_UNDECLARED_SELECTOR = YES;
				GCC_WARN_UNINITIALIZED_AUTOS = YES_AGGRESSIVE;
				GCC_WARN_UNUSED_FUNCTION = YES;
				GCC_WARN_UNUSED_VARIABLE = YES;
				IPHONEOS_DEPLOYMENT_TARGET = 17.2;
				LOCALIZATION_PREFERS_STRING_CATALOGS = YES;
				MTL_ENABLE_DEBUG_INFO = NO;
				MTL_FAST_MATH = YES;
				SDKROOT = iphoneos;
				SWIFT_COMPILATION_MODE = wholemodule;
				VALIDATE_PRODUCT = YES;
			};
			name = Release;
		};
		D54210362B2BFBBE0065378F /* Debug */ = {
			isa = XCBuildConfiguration;
			buildSettings = {
				ASSETCATALOG_COMPILER_APPICON_NAME = AppIcon;
				ASSETCATALOG_COMPILER_GLOBAL_ACCENT_COLOR_NAME = AccentColor;
				CODE_SIGN_STYLE = Automatic;
				CURRENT_PROJECT_VERSION = 1;
				DEVELOPMENT_ASSET_PATHS = "\"Play with this!/Preview Content\"";
				DEVELOPMENT_TEAM = 8CLNG4SF76;
				ENABLE_PREVIEWS = YES;
				GENERATE_INFOPLIST_FILE = YES;
				INFOPLIST_KEY_UIApplicationSceneManifest_Generation = YES;
				INFOPLIST_KEY_UIApplicationSupportsIndirectInputEvents = YES;
				INFOPLIST_KEY_UILaunchScreen_Generation = YES;
				INFOPLIST_KEY_UISupportedInterfaceOrientations_iPad = "UIInterfaceOrientationPortrait UIInterfaceOrientationPortraitUpsideDown UIInterfaceOrientationLandscapeLeft UIInterfaceOrientationLandscapeRight";
				INFOPLIST_KEY_UISupportedInterfaceOrientations_iPhone = "UIInterfaceOrientationPortrait UIInterfaceOrientationLandscapeLeft UIInterfaceOrientationLandscapeRight";
				LD_RUNPATH_SEARCH_PATHS = (
					"$(inherited)",
					"@executable_path/Frameworks",
				);
				MARKETING_VERSION = 1.0;
				PRODUCT_BUNDLE_IDENTIFIER = "MyPlayground.Play-with-this-";
				PRODUCT_NAME = "$(TARGET_NAME)";
				SWIFT_EMIT_LOC_STRINGS = YES;
				SWIFT_VERSION = 5.0;
				TARGETED_DEVICE_FAMILY = "1,2";
			};
			name = Debug;
		};
		D54210372B2BFBBE0065378F /* Release */ = {
			isa = XCBuildConfiguration;
			buildSettings = {
				ASSETCATALOG_COMPILER_APPICON_NAME = AppIcon;
				ASSETCATALOG_COMPILER_GLOBAL_ACCENT_COLOR_NAME = AccentColor;
				CODE_SIGN_STYLE = Automatic;
				CURRENT_PROJECT_VERSION = 1;
				DEVELOPMENT_ASSET_PATHS = "\"Play with this!/Preview Content\"";
				DEVELOPMENT_TEAM = 8CLNG4SF76;
				ENABLE_PREVIEWS = YES;
				GENERATE_INFOPLIST_FILE = YES;
				INFOPLIST_KEY_UIApplicationSceneManifest_Generation = YES;
				INFOPLIST_KEY_UIApplicationSupportsIndirectInputEvents = YES;
				INFOPLIST_KEY_UILaunchScreen_Generation = YES;
				INFOPLIST_KEY_UISupportedInterfaceOrientations_iPad = "UIInterfaceOrientationPortrait UIInterfaceOrientationPortraitUpsideDown UIInterfaceOrientationLandscapeLeft UIInterfaceOrientationLandscapeRight";
				INFOPLIST_KEY_UISupportedInterfaceOrientations_iPhone = "UIInterfaceOrientationPortrait UIInterfaceOrientationLandscapeLeft UIInterfaceOrientationLandscapeRight";
				LD_RUNPATH_SEARCH_PATHS = (
					"$(inherited)",
					"@executable_path/Frameworks",
				);
				MARKETING_VERSION = 1.0;
				PRODUCT_BUNDLE_IDENTIFIER = "MyPlayground.Play-with-this-";
				PRODUCT_NAME = "$(TARGET_NAME)";
				SWIFT_EMIT_LOC_STRINGS = YES;
				SWIFT_VERSION = 5.0;
				TARGETED_DEVICE_FAMILY = "1,2";
			};
			name = Release;
		};
		D54210392B2BFBBE0065378F /* Debug */ = {
			isa = XCBuildConfiguration;
			buildSettings = {
				ALWAYS_EMBED_SWIFT_STANDARD_LIBRARIES = YES;
				BUNDLE_LOADER = "$(TEST_HOST)";
				CODE_SIGN_STYLE = Automatic;
				CURRENT_PROJECT_VERSION = 1;
				DEVELOPMENT_TEAM = 8CLNG4SF76;
				GENERATE_INFOPLIST_FILE = YES;
				IPHONEOS_DEPLOYMENT_TARGET = 17.2;
				MARKETING_VERSION = 1.0;
				PRODUCT_BUNDLE_IDENTIFIER = "MyPlayground.Play-with-this-Tests";
				PRODUCT_NAME = "$(TARGET_NAME)";
				SWIFT_EMIT_LOC_STRINGS = NO;
				SWIFT_VERSION = 5.0;
				TARGETED_DEVICE_FAMILY = "1,2";
				TEST_HOST = "$(BUILT_PRODUCTS_DIR)/Play with this!.app/$(BUNDLE_EXECUTABLE_FOLDER_PATH)/Play with this!";
			};
			name = Debug;
		};
		D542103A2B2BFBBE0065378F /* Release */ = {
			isa = XCBuildConfiguration;
			buildSettings = {
				ALWAYS_EMBED_SWIFT_STANDARD_LIBRARIES = YES;
				BUNDLE_LOADER = "$(TEST_HOST)";
				CODE_SIGN_STYLE = Automatic;
				CURRENT_PROJECT_VERSION = 1;
				DEVELOPMENT_TEAM = 8CLNG4SF76;
				GENERATE_INFOPLIST_FILE = YES;
				IPHONEOS_DEPLOYMENT_TARGET = 17.2;
				MARKETING_VERSION = 1.0;
				PRODUCT_BUNDLE_IDENTIFIER = "MyPlayground.Play-with-this-Tests";
				PRODUCT_NAME = "$(TARGET_NAME)";
				SWIFT_EMIT_LOC_STRINGS = NO;
				SWIFT_VERSION = 5.0;
				TARGETED_DEVICE_FAMILY = "1,2";
				TEST_HOST = "$(BUILT_PRODUCTS_DIR)/Play with this!.app/$(BUNDLE_EXECUTABLE_FOLDER_PATH)/Play with this!";
			};
			name = Release;
		};
		D542103C2B2BFBBE0065378F /* Debug */ = {
			isa = XCBuildConfiguration;
			buildSettings = {
				ALWAYS_EMBED_SWIFT_STANDARD_LIBRARIES = YES;
				CODE_SIGN_STYLE = Automatic;
				CURRENT_PROJECT_VERSION = 1;
				DEVELOPMENT_TEAM = 8CLNG4SF76;
				GENERATE_INFOPLIST_FILE = YES;
				MARKETING_VERSION = 1.0;
				PRODUCT_BUNDLE_IDENTIFIER = "MyPlayground.Play-with-this-UITests";
				PRODUCT_NAME = "$(TARGET_NAME)";
				SWIFT_EMIT_LOC_STRINGS = NO;
				SWIFT_VERSION = 5.0;
				TARGETED_DEVICE_FAMILY = "1,2";
				TEST_TARGET_NAME = "Play with this!";
			};
			name = Debug;
		};
		D542103D2B2BFBBE0065378F /* Release */ = {
			isa = XCBuildConfiguration;
			buildSettings = {
				ALWAYS_EMBED_SWIFT_STANDARD_LIBRARIES = YES;
				CODE_SIGN_STYLE = Automatic;
				CURRENT_PROJECT_VERSION = 1;
				DEVELOPMENT_TEAM = 8CLNG4SF76;
				GENERATE_INFOPLIST_FILE = YES;
				MARKETING_VERSION = 1.0;
				PRODUCT_BUNDLE_IDENTIFIER = "MyPlayground.Play-with-this-UITests";
				PRODUCT_NAME = "$(TARGET_NAME)";
				SWIFT_EMIT_LOC_STRINGS = NO;
				SWIFT_VERSION = 5.0;
				TARGETED_DEVICE_FAMILY = "1,2";
				TEST_TARGET_NAME = "Play with this!";
			};
			name = Release;
		};
/* End XCBuildConfiguration section */

/* Begin XCConfigurationList section */
		D542100C2B2BFBB80065378F /* Build configuration list for PBXProject "Play with this!" */ = {
			isa = XCConfigurationList;
			buildConfigurations = (
				D54210332B2BFBBE0065378F /* Debug */,
				D54210342B2BFBBE0065378F /* Release */,
			);
			defaultConfigurationIsVisible = 0;
			defaultConfigurationName = Release;
		};
		D54210352B2BFBBE0065378F /* Build configuration list for PBXNativeTarget "Play with this!" */ = {
			isa = XCConfigurationList;
			buildConfigurations = (
				D54210362B2BFBBE0065378F /* Debug */,
				D54210372B2BFBBE0065378F /* Release */,
			);
			defaultConfigurationIsVisible = 0;
			defaultConfigurationName = Release;
		};
		D54210382B2BFBBE0065378F /* Build configuration list for PBXNativeTarget "Play with this!Tests" */ = {
			isa = XCConfigurationList;
			buildConfigurations = (
				D54210392B2BFBBE0065378F /* Debug */,
				D542103A2B2BFBBE0065378F /* Release */,
			);
			defaultConfigurationIsVisible = 0;
			defaultConfigurationName = Release;
		};
		D542103B2B2BFBBE0065378F /* Build configuration list for PBXNativeTarget "Play with this!UITests" */ = {
			isa = XCConfigurationList;
			buildConfigurations = (
				D542103C2B2BFBBE0065378F /* Debug */,
				D542103D2B2BFBBE0065378F /* Release */,
			);
			defaultConfigurationIsVisible = 0;
			defaultConfigurationName = Release;
		};
/* End XCConfigurationList section */
	};
	rootObject = D54210092B2BFBB80065378F /* Project object */;
}
